
Microsoft Visual Studio Solution File, Format Version 11.00
# Visual Studio 2010
Project("{F2A71F9B-5D33-465A-A702-920D77279786}") = "TwitterConversation", "TwitterConversation\TwitterConversation.fsproj", "{AE4C0E5A-9C16-4454-ACB4-BBC9ECEC39C6}"
EndProject
Project("{2150E333-8FDC-42A3-9474-1A3956D46DE8}") = "Solution Items", "Solution Items", "{7AEE97CC-9D24-4757-B88C-B7F43442052C}"
EndProject
Project("{F2A71F9B-5D33-465A-A702-920D77279786}") = "TwitterClient", "TwitterClient\TwitterClient.fsproj", "{19B1E3BD-D2D4-4F06-B047-9343615982EF}"
EndProject
Project("{F2A71F9B-5D33-465A-A702-920D77279786}") = "Twipy", "Twipy\Twipy.fsproj", "{6FD0C85B-2768-4904-8F50-669961FF0D90}"
EndProject
Project("{FAE04EC0-301F-11D3-BF4B-00C04F79EFBC}") = "MicroBase", "MicroBase\MicroBase.csproj", "{491C0B75-B3F9-4A80-8302-D90BEFEF5C12}"
EndProject
Project("{F2A71F9B-5D33-465A-A702-920D77279786}") = "MicroCommon", "MicroCommon\MicroCommon.fsproj", "{D8CF03D2-B37E-4407-8CBF-EF7540E0098F}"
EndProject
Global
	GlobalSection(SolutionConfigurationPlatforms) = preSolution
		Debug|Any CPU = Debug|Any CPU
		Debug|Mixed Platforms = Debug|Mixed Platforms
		Debug|x86 = Debug|x86
		Release|Any CPU = Release|Any CPU
		Release|Mixed Platforms = Release|Mixed Platforms
		Release|x86 = Release|x86
	EndGlobalSection
	GlobalSection(ProjectConfigurationPlatforms) = postSolution
		{AE4C0E5A-9C16-4454-ACB4-BBC9ECEC39C6}.Debug|Any CPU.ActiveCfg = Debug|x86
		{AE4C0E5A-9C16-4454-ACB4-BBC9ECEC39C6}.Debug|Mixed Platforms.ActiveCfg = Debug|x86
		{AE4C0E5A-9C16-4454-ACB4-BBC9ECEC39C6}.Debug|Mixed Platforms.Build.0 = Debug|x86
		{AE4C0E5A-9C16-4454-ACB4-BBC9ECEC39C6}.Debug|x86.ActiveCfg = Debug|x86
		{AE4C0E5A-9C16-4454-ACB4-BBC9ECEC39C6}.Debug|x86.Build.0 = Debug|x86
		{AE4C0E5A-9C16-4454-ACB4-BBC9ECEC39C6}.Release|Any CPU.ActiveCfg = Release|x86
		{AE4C0E5A-9C16-4454-ACB4-BBC9ECEC39C6}.Release|Mixed Platforms.ActiveCfg = Release|x86
		{AE4C0E5A-9C16-4454-ACB4-BBC9ECEC39C6}.Release|Mixed Platforms.Build.0 = Release|x86
		{AE4C0E5A-9C16-4454-ACB4-BBC9ECEC39C6}.Release|x86.ActiveCfg = Release|x86
		{AE4C0E5A-9C16-4454-ACB4-BBC9ECEC39C6}.Release|x86.Build.0 = Release|x86
		{19B1E3BD-D2D4-4F06-B047-9343615982EF}.Debug|Any CPU.ActiveCfg = Debug|x86
		{19B1E3BD-D2D4-4F06-B047-9343615982EF}.Debug|Mixed Platforms.ActiveCfg = Debug|x86
		{19B1E3BD-D2D4-4F06-B047-9343615982EF}.Debug|Mixed Platforms.Build.0 = Debug|x86
		{19B1E3BD-D2D4-4F06-B047-9343615982EF}.Debug|x86.ActiveCfg = Debug|x86
		{19B1E3BD-D2D4-4F06-B047-9343615982EF}.Debug|x86.Build.0 = Debug|x86
		{19B1E3BD-D2D4-4F06-B047-9343615982EF}.Release|Any CPU.ActiveCfg = Release|x86
		{19B1E3BD-D2D4-4F06-B047-9343615982EF}.Release|Mixed Platforms.ActiveCfg = Release|x86
		{19B1E3BD-D2D4-4F06-B047-9343615982EF}.Release|Mixed Platforms.Build.0 = Release|x86
		{19B1E3BD-D2D4-4F06-B047-9343615982EF}.Release|x86.ActiveCfg = Release|x86
		{19B1E3BD-D2D4-4F06-B047-9343615982EF}.Release|x86.Build.0 = Release|x86
		{6FD0C85B-2768-4904-8F50-669961FF0D90}.Debug|Any CPU.ActiveCfg = Debug|x86
		{6FD0C85B-2768-4904-8F50-669961FF0D90}.Debug|Mixed Platforms.ActiveCfg = Debug|x86
		{6FD0C85B-2768-4904-8F50-669961FF0D90}.Debug|Mixed Platforms.Build.0 = Debug|x86
		{6FD0C85B-2768-4904-8F50-669961FF0D90}.Debug|x86.ActiveCfg = Debug|x86
		{6FD0C85B-2768-4904-8F50-669961FF0D90}.Debug|x86.Build.0 = Debug|x86
		{6FD0C85B-2768-4904-8F50-669961FF0D90}.Release|Any CPU.ActiveCfg = Release|x86
		{6FD0C85B-2768-4904-8F50-669961FF0D90}.Release|Mixed Platforms.ActiveCfg = Release|x86
		{6FD0C85B-2768-4904-8F50-669961FF0D90}.Release|Mixed Platforms.Build.0 = Release|x86
		{6FD0C85B-2768-4904-8F50-669961FF0D90}.Release|x86.ActiveCfg = Release|x86
		{6FD0C85B-2768-4904-8F50-669961FF0D90}.Release|x86.Build.0 = Release|x86
		{491C0B75-B3F9-4A80-8302-D90BEFEF5C12}.Debug|Any CPU.ActiveCfg = Debug|Any CPU
		{491C0B75-B3F9-4A80-8302-D90BEFEF5C12}.Debug|Any CPU.Build.0 = Debug|Any CPU
		{491C0B75-B3F9-4A80-8302-D90BEFEF5C12}.Debug|Mixed Platforms.ActiveCfg = Debug|Any CPU
		{491C0B75-B3F9-4A80-8302-D90BEFEF5C12}.Debug|Mixed Platforms.Build.0 = Debug|Any CPU
		{491C0B75-B3F9-4A80-8302-D90BEFEF5C12}.Debug|x86.ActiveCfg = Debug|Any CPU
		{491C0B75-B3F9-4A80-8302-D90BEFEF5C12}.Release|Any CPU.ActiveCfg = Release|Any CPU
		{491C0B75-B3F9-4A80-8302-D90BEFEF5C12}.Release|Any CPU.Build.0 = Release|Any CPU
		{491C0B75-B3F9-4A80-8302-D90BEFEF5C12}.Release|Mixed Platforms.ActiveCfg = Release|Any CPU
		{491C0B75-B3F9-4A80-8302-D90BEFEF5C12}.Release|Mixed Platforms.Build.0 = Release|Any CPU
		{491C0B75-B3F9-4A80-8302-D90BEFEF5C12}.Release|x86.ActiveCfg = Release|Any CPU
		{D8CF03D2-B37E-4407-8CBF-EF7540E0098F}.Debug|Any CPU.ActiveCfg = Debug|Any CPU
		{D8CF03D2-B37E-4407-8CBF-EF7540E0098F}.Debug|Any CPU.Build.0 = Debug|Any CPU
		{D8CF03D2-B37E-4407-8CBF-EF7540E0098F}.Debug|Mixed Platforms.ActiveCfg = Debug|Any CPU
		{D8CF03D2-B37E-4407-8CBF-EF7540E0098F}.Debug|Mixed Platforms.Build.0 = Debug|Any CPU
		{D8CF03D2-B37E-4407-8CBF-EF7540E0098F}.Debug|x86.ActiveCfg = Debug|Any CPU
		{D8CF03D2-B37E-4407-8CBF-EF7540E0098F}.Release|Any CPU.ActiveCfg = Release|Any CPU
		{D8CF03D2-B37E-4407-8CBF-EF7540E0098F}.Release|Any CPU.Build.0 = Release|Any CPU
		{D8CF03D2-B37E-4407-8CBF-EF7540E0098F}.Release|Mixed Platforms.ActiveCfg = Release|Any CPU
		{D8CF03D2-B37E-4407-8CBF-EF7540E0098F}.Release|Mixed Platforms.Build.0 = Release|Any CPU
		{D8CF03D2-B37E-4407-8CBF-EF7540E0098F}.Release|x86.ActiveCfg = Release|Any CPU
	EndGlobalSection
	GlobalSection(SolutionProperties) = preSolution
		HideSolutionNode = FALSE
	EndGlobalSection
EndGlobal
